
Microsoft Visual Studio Solution File, Format Version 12.00
# Visual Studio 15
VisualStudioVersion = 15.0.28307.271
MinimumVisualStudioVersion = 10.0.40219.1
Project("{FAE04EC0-301F-11D3-BF4B-00C04F79EFBC}") = "TheEverythingStore", "TheEverythingStore\TheEverythingStore.csproj", "{81FE1286-DF83-4E43-BC38-256F81242A21}"
EndProject
Project("{FAE04EC0-301F-11D3-BF4B-00C04F79EFBC}") = "TheEverythingStore.Tests", "TheEverythingStore.Tests\TheEverythingStore.Tests.csproj", "{6759A905-FE54-4536-BE6F-2A9460AD5E34}"
EndProject
Project("{2150E333-8FDC-42A3-9474-1A3956D46DE8}") = "Solution Items", "Solution Items", "{A1C7E6D2-F6A4-4DBB-BC37-1CE88931174C}"
	ProjectSection(SolutionItems) = preProject
		README.md = README.md
	EndProjectSection
EndProject
Global
	GlobalSection(SolutionConfigurationPlatforms) = preSolution
		Debug|Any CPU = Debug|Any CPU
		Release|Any CPU = Release|Any CPU
	EndGlobalSection
	GlobalSection(ProjectConfigurationPlatforms) = postSolution
		{81FE1286-DF83-4E43-BC38-256F81242A21}.Debug|Any CPU.ActiveCfg = Debug|Any CPU
		{81FE1286-DF83-4E43-BC38-256F81242A21}.Debug|Any CPU.Build.0 = Debug|Any CPU
		{81FE1286-DF83-4E43-BC38-256F81242A21}.Release|Any CPU.ActiveCfg = Release|Any CPU
		{81FE1286-DF83-4E43-BC38-256F81242A21}.Release|Any CPU.Build.0 = Release|Any CPU
		{6759A905-FE54-4536-BE6F-2A9460AD5E34}.Debug|Any CPU.ActiveCfg = Debug|Any CPU
		{6759A905-FE54-4536-BE6F-2A9460AD5E34}.Debug|Any CPU.Build.0 = Debug|Any CPU
		{6759A905-FE54-4536-BE6F-2A9460AD5E34}.Release|Any CPU.ActiveCfg = Release|Any CPU
		{6759A905-FE54-4536-BE6F-2A9460AD5E34}.Release|Any CPU.Build.0 = Release|Any CPU
	EndGlobalSection
	GlobalSection(SolutionProperties) = preSolution
		HideSolutionNode = FALSE
	EndGlobalSection
	GlobalSection(ExtensibilityGlobals) = postSolution
		SolutionGuid = {95472713-9B60-435D-8C5E-A1C9A358D875}
	EndGlobalSection
EndGlobal
